schema: '2.0'
stages:
  load_data:
    cmd: python src/load_data.py --config=params.yaml
    deps:
    - path: data_given/Train.csv
      md5: e0df0a56f3f03c084c828b29aaa0f314
      size: 869537
    - path: src/get_data.py
      md5: 1d1186e51187ae260d268d26eea6f68c
      size: 648
    - path: src/load_data.py
      md5: f15bc3a62abce848993c68fd33a5e730
      size: 647
    outs:
    - path: data/raw/Train.csv
      md5: e07bb6e40d126f0d68cdf963d7287876
      size: 863071
  split_data:
    cmd: python src/split_data.py --config=params.yaml
    deps:
    - path: data/raw/Train.csv
      md5: e07bb6e40d126f0d68cdf963d7287876
      size: 863071
    - path: src/split_data.py
      md5: c6fac885fe5fb752a1e712d403c5e66c
      size: 1071
    outs:
    - path: data/processed/test_salespred..csv
      md5: 9b385c378fe5722aae41900d5dca73f4
      size: 172602
    - path: data/processed/train_salespred.csv
      md5: 4996f8c6f304a4de5eb957c874cf03fd
      size: 690656
